
Microsoft Visual Studio Solution File, Format Version 12.00
# Visual Studio Version 16
VisualStudioVersion = 16.0.30621.155
MinimumVisualStudioVersion = 10.0.40219.1
Project("{FAE04EC0-301F-11D3-BF4B-00C04F79EFBC}") = "Milestone_3", "Milestone_3\Milestone_3.csproj", "{799D9B84-BFFF-4512-A697-999646208A39}"
EndProject
Global
	GlobalSection(SolutionConfigurationPlatforms) = preSolution
		Debug|Any CPU = Debug|Any CPU
		Release|Any CPU = Release|Any CPU
	EndGlobalSection
	GlobalSection(ProjectConfigurationPlatforms) = postSolution
		{799D9B84-BFFF-4512-A697-999646208A39}.Debug|Any CPU.ActiveCfg = Debug|Any CPU
		{799D9B84-BFFF-4512-A697-999646208A39}.Debug|Any CPU.Build.0 = Debug|Any CPU
		{799D9B84-BFFF-4512-A697-999646208A39}.Release|Any CPU.ActiveCfg = Release|Any CPU
		{799D9B84-BFFF-4512-A697-999646208A39}.Release|Any CPU.Build.0 = Release|Any CPU
	EndGlobalSection
	GlobalSection(SolutionProperties) = preSolution
		HideSolutionNode = FALSE
	EndGlobalSection
	GlobalSection(ExtensibilityGlobals) = postSolution
		SolutionGuid = {3304B1FB-4640-4B5D-A45F-2CB32D3B4C58}
	EndGlobalSection
EndGlobal
